
Microsoft Visual Studio Solution File, Format Version 12.00
# Visual Studio Version 16
VisualStudioVersion = 16.0.28729.10
MinimumVisualStudioVersion = 10.0.40219.1
Project("{FAE04EC0-301F-11D3-BF4B-00C04F79EFBC}") = "TwitchVotesItems", "TwitchVotesItems\TwitchVotesItems.csproj", "{00C725C0-0CEB-4538-AA00-E6FE797E9800}"
EndProject
Global
	GlobalSection(SolutionConfigurationPlatforms) = preSolution
		Debug|Any CPU = Debug|Any CPU
		Release|Any CPU = Release|Any CPU
	EndGlobalSection
	GlobalSection(ProjectConfigurationPlatforms) = postSolution
		{00C725C0-0CEB-4538-AA00-E6FE797E9800}.Debug|Any CPU.ActiveCfg = Debug|Any CPU
		{00C725C0-0CEB-4538-AA00-E6FE797E9800}.Debug|Any CPU.Build.0 = Debug|Any CPU
		{00C725C0-0CEB-4538-AA00-E6FE797E9800}.Release|Any CPU.ActiveCfg = Release|Any CPU
		{00C725C0-0CEB-4538-AA00-E6FE797E9800}.Release|Any CPU.Build.0 = Release|Any CPU
	EndGlobalSection
	GlobalSection(SolutionProperties) = preSolution
		HideSolutionNode = FALSE
	EndGlobalSection
	GlobalSection(ExtensibilityGlobals) = postSolution
		SolutionGuid = {1F831FAE-CADA-41D0-A6D8-BBD544B72BB9}
	EndGlobalSection
EndGlobal
